
Microsoft Visual Studio Solution File, Format Version 12.00
# Visual Studio Version 17
VisualStudioVersion = 17.4.33103.184
MinimumVisualStudioVersion = 10.0.40219.1
Project("{FAE04EC0-301F-11D3-BF4B-00C04F79EFBC}") = "PlayFab_Tester", "PlayFab_Tester\PlayFab_Tester.csproj", "{239DF54C-F395-4F4F-893D-374D93F29FEF}"
EndProject
Global
	GlobalSection(SolutionConfigurationPlatforms) = preSolution
		Debug|Any CPU = Debug|Any CPU
		Release|Any CPU = Release|Any CPU
	EndGlobalSection
	GlobalSection(ProjectConfigurationPlatforms) = postSolution
		{239DF54C-F395-4F4F-893D-374D93F29FEF}.Debug|Any CPU.ActiveCfg = Debug|Any CPU
		{239DF54C-F395-4F4F-893D-374D93F29FEF}.Debug|Any CPU.Build.0 = Debug|Any CPU
		{239DF54C-F395-4F4F-893D-374D93F29FEF}.Release|Any CPU.ActiveCfg = Release|Any CPU
		{239DF54C-F395-4F4F-893D-374D93F29FEF}.Release|Any CPU.Build.0 = Release|Any CPU
	EndGlobalSection
	GlobalSection(SolutionProperties) = preSolution
		HideSolutionNode = FALSE
	EndGlobalSection
	GlobalSection(ExtensibilityGlobals) = postSolution
		SolutionGuid = {F8B6B438-523D-4FEF-B068-B3129C0214BF}
	EndGlobalSection
EndGlobal
